
Microsoft Visual Studio Solution File, Format Version 12.00
# Visual Studio Version 17
VisualStudioVersion = 17.8.34525.116
MinimumVisualStudioVersion = 10.0.40219.1
Project("{FAE04EC0-301F-11D3-BF4B-00C04F79EFBC}") = "ChatFrontend", "ChatFrontend\ChatFrontend.csproj", "{AD36ECA6-08FD-4401-872D-C3907200E4C3}"
EndProject
Global
	GlobalSection(SolutionConfigurationPlatforms) = preSolution
		Debug|Any CPU = Debug|Any CPU
		Release|Any CPU = Release|Any CPU
	EndGlobalSection
	GlobalSection(ProjectConfigurationPlatforms) = postSolution
		{AD36ECA6-08FD-4401-872D-C3907200E4C3}.Debug|Any CPU.ActiveCfg = Debug|Any CPU
		{AD36ECA6-08FD-4401-872D-C3907200E4C3}.Debug|Any CPU.Build.0 = Debug|Any CPU
		{AD36ECA6-08FD-4401-872D-C3907200E4C3}.Release|Any CPU.ActiveCfg = Release|Any CPU
		{AD36ECA6-08FD-4401-872D-C3907200E4C3}.Release|Any CPU.Build.0 = Release|Any CPU
	EndGlobalSection
	GlobalSection(SolutionProperties) = preSolution
		HideSolutionNode = FALSE
	EndGlobalSection
	GlobalSection(ExtensibilityGlobals) = postSolution
		SolutionGuid = {FC65155C-436A-4E52-B342-1D53923A1579}
	EndGlobalSection
EndGlobal
